
Microsoft Visual Studio Solution File, Format Version 12.00
# Visual Studio Version 16
VisualStudioVersion = 16.0.29025.244
MinimumVisualStudioVersion = 10.0.40219.1
Project("{FAE04EC0-301F-11D3-BF4B-00C04F79EFBC}") = "WebApplication1", "WebApplication1\WebApplication1.csproj", "{C2FEAECC-F0C6-4957-A0D4-A11A5178776E}"
EndProject
Global
	GlobalSection(SolutionConfigurationPlatforms) = preSolution
		Debug|Any CPU = Debug|Any CPU
		Release|Any CPU = Release|Any CPU
	EndGlobalSection
	GlobalSection(ProjectConfigurationPlatforms) = postSolution
		{C2FEAECC-F0C6-4957-A0D4-A11A5178776E}.Debug|Any CPU.ActiveCfg = Debug|Any CPU
		{C2FEAECC-F0C6-4957-A0D4-A11A5178776E}.Debug|Any CPU.Build.0 = Debug|Any CPU
		{C2FEAECC-F0C6-4957-A0D4-A11A5178776E}.Release|Any CPU.ActiveCfg = Release|Any CPU
		{C2FEAECC-F0C6-4957-A0D4-A11A5178776E}.Release|Any CPU.Build.0 = Release|Any CPU
	EndGlobalSection
	GlobalSection(SolutionProperties) = preSolution
		HideSolutionNode = FALSE
	EndGlobalSection
	GlobalSection(ExtensibilityGlobals) = postSolution
		SolutionGuid = {E0952B08-FF80-4653-ACDD-B9B9B153AB3A}
	EndGlobalSection
EndGlobal
